// !$*UTF8*$!
{
	archiveVersion = 1;
	classes = {
	};
	objectVersion = 77;
	objects = {

/* Begin PBXContainerItemProxy section */
		4367CB002FBBBFE30005A97E /* PBXContainerItemProxy */ = {
			isa = PBXContainerItemProxy;
			containerPortal = 4367CAEA2FBBBFE10005A97E /* Project object */;
			proxyType = 1;
			remoteGlobalIDString = 4367CAF12FBBBFE10005A97E;
			remoteInfo = "Make-A-Million";
		};
		4367CB0A2FBBBFE30005A97E /* PBXContainerItemProxy */ = {
			isa = PBXContainerItemProxy;
			containerPortal = 4367CAEA2FBBBFE10005A97E /* Project object */;
			proxyType = 1;
			remoteGlobalIDString = 4367CAF12FBBBFE10005A97E;
			remoteInfo = "Make-A-Million";
		};
/* End PBXContainerItemProxy section */

/* Begin PBXFileReference section */
		4367CAF22FBBBFE10005A97E /* Make-A-Million.app */ = {isa = PBXFileReference; explicitFileType = wrapper.application; includeInIndex = 0; path = "Make-A-Million.app"; sourceTree = BUILT_PRODUCTS_DIR; };
		4367CAFF2FBBBFE30005A97E /* Make-A-MillionTests.xctest */ = {isa = PBXFileReference; explicitFileType = wrapper.cfbundle; includeInIndex = 0; path = "Make-A-MillionTests.xctest"; sourceTree = BUILT_PRODUCTS_DIR; };
		4367CB092FBBBFE30005A97E /* Make-A-MillionUITests.xctest */ = {isa = PBXFileReference; explicitFileType = wrapper.cfbundle; includeInIndex = 0; path = "Make-A-MillionUITests.xctest"; sourceTree = BUILT_PRODUCTS_DIR; };
/* End PBXFileReference section */

/* Begin PBXFileSystemSynchronizedBuildFileExceptionSet section */
		4367CB2E2FBBC3DA0005A97E /* Exceptions for "Make-A-Million" folder in "Make-A-Million" target */ = {
			isa = PBXFileSystemSynchronizedBuildFileExceptionSet;
			membershipExceptions = (
				Agents/Agent.swift,
				Agents/GameRunner.swift,
				Agents/HumanAgent.swift,
				Agents/RandomAgent.swift,
				AI/AIArena.swift,
				AI/AIMoveSupport.swift,
				AI/AIWorld.swift,
				AI/MonteCarloAgent.swift,
				AI/PlayoutPolicy.swift,
				Assets.xcassets,
				GameEngine/Cards.swift,
				GameEngine/GameEngine.swift,
				GameEngine/Players.swift,
				Make_A_MillionApp.swift,
				Views/BiddingDebugViews.swift,
				Views/ContentView.swift,
				Views/Display.swift,
				Views/GameSession.swift,
				Views/GameView.swift,
			);
			target = 4367CAF12FBBBFE10005A97E /* Make-A-Million */;
		};
		4367CB2F2FBBC3DA0005A97E /* Exceptions for "Make-A-Million" folder in "Make-A-MillionUITests" target */ = {
			isa = PBXFileSystemSynchronizedBuildFileExceptionSet;
			membershipExceptions = (
				Agents/Agent.swift,
				Agents/GameRunner.swift,
				Agents/HumanAgent.swift,
				Agents/RandomAgent.swift,
				AI/AIArena.swift,
				AI/AIMoveSupport.swift,
				AI/AIWorld.swift,
				AI/MonteCarloAgent.swift,
				AI/PlayoutPolicy.swift,
				Assets.xcassets,
				GameEngine/Cards.swift,
				GameEngine/GameEngine.swift,
				GameEngine/Players.swift,
				Make_A_MillionApp.swift,
				Views/BiddingDebugViews.swift,
				Views/ContentView.swift,
				Views/Display.swift,
				Views/GameSession.swift,
				Views/GameView.swift,
			);
			target = 4367CB082FBBBFE30005A97E /* Make-A-MillionUITests */;
		};
/* End PBXFileSystemSynchronizedBuildFileExceptionSet section */

/* Begin PBXFileSystemSynchronizedRootGroup section */
		4367CB022FBBBFE30005A97E /* Make-A-MillionTests */ = {
			isa = PBXFileSystemSynchronizedRootGroup;
			path = "Make-A-MillionTests";
			sourceTree = "<group>";
		};
		4367CB0C2FBBBFE30005A97E /* Make-A-MillionUITests */ = {
			isa = PBXFileSystemSynchronizedRootGroup;
			path = "Make-A-MillionUITests";
			sourceTree = "<group>";
		};
		4367CB2A2FBBC3D90005A97E /* Make-A-Million */ = {
			isa = PBXFileSystemSynchronizedRootGroup;
			exceptions = (
				4367CB2E2FBBC3DA0005A97E /* Exceptions for "Make-A-Million" folder in "Make-A-Million" target */,
				4367CB2F2FBBC3DA0005A97E /* Exceptions for "Make-A-Million" folder in "Make-A-MillionUITests" target */,
			);
			path = "Make-A-Million";
			sourceTree = "<group>";
		};
/* End PBXFileSystemSynchronizedRootGroup section */

/* Begin PBXFrameworksBuildPhase section */
		4367CAEF2FBBBFE10005A97E /* Frameworks */ = {
			isa = PBXFrameworksBuildPhase;
			buildActionMask = 2147483647;
			files = (
			);
			runOnlyForDeploymentPostprocessing = 0;
		};
		4367CAFC2FBBBFE30005A97E /* Frameworks */ = {
			isa = PBXFrameworksBuildPhase;
			buildActionMask = 2147483647;
			files = (
			);
			runOnlyForDeploymentPostprocessing = 0;
		};
		4367CB062FBBBFE30005A97E /* Frameworks */ = {
			isa = PBXFrameworksBuildPhase;
			buildActionMask = 2147483647;
			files = (
			);
			runOnlyForDeploymentPostprocessing = 0;
		};
/* End PBXFrameworksBuildPhase section */

/* Begin PBXGroup section */
		4367CAE92FBBBFE10005A97E = {
			isa = PBXGroup;
			children = (
				4367CB2A2FBBC3D90005A97E /* Make-A-Million */,
				4367CB022FBBBFE30005A97E /* Make-A-MillionTests */,
				4367CB0C2FBBBFE30005A97E /* Make-A-MillionUITests */,
				4367CAF32FBBBFE10005A97E /* Products */,
			);
			sourceTree = "<group>";
		};
		4367CAF32FBBBFE10005A97E /* Products */ = {
			isa = PBXGroup;
			children = (
				4367CAF22FBBBFE10005A97E /* Make-A-Million.app */,
				4367CAFF2FBBBFE30005A97E /* Make-A-MillionTests.xctest */,
				4367CB092FBBBFE30005A97E /* Make-A-MillionUITests.xctest */,
			);
			name = Products;
			sourceTree = "<group>";
		};
/* End PBXGroup section */

/* Begin PBXNativeTarget section */
		4367CAF12FBBBFE10005A97E /* Make-A-Million */ = {
			isa = PBXNativeTarget;
			buildConfigurationList = 4367CB132FBBBFE30005A97E /* Build configuration list for PBXNativeTarget "Make-A-Million" */;
			buildPhases = (
				4367CAEE2FBBBFE10005A97E /* Sources */,
				4367CAEF2FBBBFE10005A97E /* Frameworks */,
				4367CAF02FBBBFE10005A97E /* Resources */,
			);
			buildRules = (
			);
			dependencies = (
			);
			name = "Make-A-Million";
			packageProductDependencies = (
			);
			productName = "Make-A-Million";
			productReference = 4367CAF22FBBBFE10005A97E /* Make-A-Million.app */;
			productType = "com.apple.product-type.application";
		};
		4367CAFE2FBBBFE30005A97E /* Make-A-MillionTests */ = {
			isa = PBXNativeTarget;
			buildConfigurationList = 4367CB162FBBBFE30005A97E /* Build configuration list for PBXNativeTarget "Make-A-MillionTests" */;
			buildPhases = (
				4367CAFB2FBBBFE30005A97E /* Sources */,
				4367CAFC2FBBBFE30005A97E /* Frameworks */,
				4367CAFD2FBBBFE30005A97E /* Resources */,
			);
			buildRules = (
			);
			dependencies = (
				4367CB012FBBBFE30005A97E /* PBXTargetDependency */,
			);
			fileSystemSynchronizedGroups = (
				4367CB022FBBBFE30005A97E /* Make-A-MillionTests */,
			);
			name = "Make-A-MillionTests";
			packageProductDependencies = (
			);
			productName = "Make-A-MillionTests";
			productReference = 4367CAFF2FBBBFE30005A97E /* Make-A-MillionTests.xctest */;
			productType = "com.apple.product-type.bundle.unit-test";
		};
		4367CB082FBBBFE30005A97E /* Make-A-MillionUITests */ = {
			isa = PBXNativeTarget;
			buildConfigurationList = 4367CB192FBBBFE30005A97E /* Build configuration list for PBXNativeTarget "Make-A-MillionUITests" */;
			buildPhases = (
				4367CB052FBBBFE30005A97E /* Sources */,
				4367CB062FBBBFE30005A97E /* Frameworks */,
				4367CB072FBBBFE30005A97E /* Resources */,
			);
			buildRules = (
			);
			dependencies = (
				4367CB0B2FBBBFE30005A97E /* PBXTargetDependency */,
			);
			fileSystemSynchronizedGroups = (
				4367CB0C2FBBBFE30005A97E /* Make-A-MillionUITests */,
				4367CB2A2FBBC3D90005A97E /* Make-A-Million */,
			);
			name = "Make-A-MillionUITests";
			packageProductDependencies = (
			);
			productName = "Make-A-MillionUITests";
			productReference = 4367CB092FBBBFE30005A97E /* Make-A-MillionUITests.xctest */;
			productType = "com.apple.product-type.bundle.ui-testing";
		};
/* End PBXNativeTarget section */

/* Begin PBXProject section */
		4367CAEA2FBBBFE10005A97E /* Project object */ = {
			isa = PBXProject;
			attributes = {
				BuildIndependentTargetsInParallel = 1;
				LastSwiftUpdateCheck = 2650;
				LastUpgradeCheck = 2650;
				TargetAttributes = {
					4367CAF12FBBBFE10005A97E = {
						CreatedOnToolsVersion = 26.5;
					};
					4367CAFE2FBBBFE30005A97E = {
						CreatedOnToolsVersion = 26.5;
						LastSwiftMigration = 2650;
						TestTargetID = 4367CAF12FBBBFE10005A97E;
					};
					4367CB082FBBBFE30005A97E = {
						CreatedOnToolsVersion = 26.5;
						TestTargetID = 4367CAF12FBBBFE10005A97E;
					};
				};
			};
			buildConfigurationList = 4367CAED2FBBBFE10005A97E /* Build configuration list for PBXProject "Make-A-Million" */;
			developmentRegion = en;
			hasScannedForEncodings = 0;
			knownRegions = (
				en,
				Base,
			);
			mainGroup = 4367CAE92FBBBFE10005A97E;
			minimizedProjectReferenceProxies = 1;
			preferredProjectObjectVersion = 77;
			productRefGroup = 4367CAF32FBBBFE10005A97E /* Products */;
			projectDirPath = "";
			projectRoot = "";
			targets = (
				4367CAF12FBBBFE10005A97E /* Make-A-Million */,
				4367CAFE2FBBBFE30005A97E /* Make-A-MillionTests */,
				4367CB082FBBBFE30005A97E /* Make-A-MillionUITests */,
			);
		};
/* End PBXProject section */

/* Begin PBXResourcesBuildPhase section */
		4367CAF02FBBBFE10005A97E /* Resources */ = {
			isa = PBXResourcesBuildPhase;
			buildActionMask = 2147483647;
			files = (
			);
			runOnlyForDeploymentPostprocessing = 0;
		};
		4367CAFD2FBBBFE30005A97E /* Resources */ = {
			isa = PBXResourcesBuildPhase;
			buildActionMask = 2147483647;
			files = (
			);
			runOnlyForDeploymentPostprocessing = 0;
		};
		4367CB072FBBBFE30005A97E /* Resources */ = {
			isa = PBXResourcesBuildPhase;
			buildActionMask = 2147483647;
			files = (
			);
			runOnlyForDeploymentPostprocessing = 0;
		};
/* End PBXResourcesBuildPhase section */

/* Begin PBXSourcesBuildPhase section */
		4367CAEE2FBBBFE10005A97E /* Sources */ = {
			isa = PBXSourcesBuildPhase;
			buildActionMask = 2147483647;
			files = (
			);
			runOnlyForDeploymentPostprocessing = 0;
		};
		4367CAFB2FBBBFE30005A97E /* Sources */ = {
			isa = PBXSourcesBuildPhase;
			buildActionMask = 2147483647;
			files = (
			);
			runOnlyForDeploymentPostprocessing = 0;
		};
		4367CB052FBBBFE30005A97E /* Sources */ = {
			isa = PBXSourcesBuildPhase;
			buildActionMask = 2147483647;
			files = (
			);
			runOnlyForDeploymentPostprocessing = 0;
		};
/* End PBXSourcesBuildPhase section */

/* Begin PBXTargetDependency section */
		4367CB012FBBBFE30005A97E /* PBXTargetDependency */ = {
			isa = PBXTargetDependency;
			target = 4367CAF12FBBBFE10005A97E /* Make-A-Million */;
			targetProxy = 4367CB002FBBBFE30005A97E /* PBXContainerItemProxy */;
		};
		4367CB0B2FBBBFE30005A97E /* PBXTargetDependency */ = {
			isa = PBXTargetDependency;
			target = 4367CAF12FBBBFE10005A97E /* Make-A-Million */;
			targetProxy = 4367CB0A2FBBBFE30005A97E /* PBXContainerItemProxy */;
		};
/* End PBXTargetDependency section */

/* Begin XCBuildConfiguration section */
		4367CB112FBBBFE30005A97E /* Debug */ = {
			isa = XCBuildConfiguration;
			buildSettings = {
				ALWAYS_SEARCH_USER_PATHS = NO;
				ASSETCATALOG_COMPILER_GENERATE_SWIFT_ASSET_SYMBOL_EXTENSIONS = YES;
				CLANG_ANALYZER_NONNULL = YES;
				CLANG_ANALYZER_NUMBER_OBJECT_CONVERSION = YES_AGGRESSIVE;
				CLANG_CXX_LANGUAGE_STANDARD = "gnu++20";
				CLANG_ENABLE_MODULES = YES;
				CLANG_ENABLE_OBJC_ARC = YES;
				CLANG_ENABLE_OBJC_WEAK = YES;
				CLANG_WARN_BLOCK_CAPTURE_AUTORELEASING = YES;
				CLANG_WARN_BOOL_CONVERSION = YES;
				CLANG_WARN_COMMA = YES;
				CLANG_WARN_CONSTANT_CONVERSION = YES;
				CLANG_WARN_DEPRECATED_OBJC_IMPLEMENTATIONS = YES;
				CLANG_WARN_DIRECT_OBJC_ISA_USAGE = YES_ERROR;
				CLANG_WARN_DOCUMENTATION_COMMENTS = YES;
				CLANG_WARN_EMPTY_BODY = YES;
				CLANG_WARN_ENUM_CONVERSION = YES;
				CLANG_WARN_INFINITE_RECURSION = YES;
				CLANG_WARN_INT_CONVERSION = YES;
				CLANG_WARN_NON_LITERAL_NULL_CONVERSION = YES;
				CLANG_WARN_OBJC_IMPLICIT_RETAIN_SELF = YES;
				CLANG_WARN_OBJC_LITERAL_CONVERSION = YES;
				CLANG_WARN_OBJC_ROOT_CLASS = YES_ERROR;
				CLANG_WARN_QUOTED_INCLUDE_IN_FRAMEWORK_HEADER = YES;
				CLANG_WARN_RANGE_LOOP_ANALYSIS = YES;
				CLANG_WARN_STRICT_PROTOTYPES = YES;
				CLANG_WARN_SUSPICIOUS_MOVE = YES;
				CLANG_WARN_UNGUARDED_AVAILABILITY = YES_AGGRESSIVE;
				CLANG_WARN_UNREACHABLE_CODE = YES;
				CLANG_WARN__DUPLICATE_METHOD_MATCH = YES;
				COPY_PHASE_STRIP = NO;
				DEBUG_INFORMATION_FORMAT = dwarf;
				DEVELOPMENT_TEAM = 5WMPJUQY8F;
				ENABLE_STRICT_OBJC_MSGSEND = YES;
				ENABLE_TESTABILITY = YES;
				ENABLE_USER_SCRIPT_SANDBOXING = YES;
				GCC_C_LANGUAGE_STANDARD = gnu17;
				GCC_DYNAMIC_NO_PIC = NO;
				GCC_NO_COMMON_BLOCKS = YES;
				GCC_OPTIMIZATION_LEVEL = 0;
				GCC_PREPROCESSOR_DEFINITIONS = (
					"DEBUG=1",
					"$(inherited)",
				);
				GCC_WARN_64_TO_32_BIT_CONVERSION = YES;
				GCC_WARN_ABOUT_RETURN_TYPE = YES_ERROR;
				GCC_WARN_UNDECLARED_SELECTOR = YES;
				GCC_WARN_UNINITIALIZED_AUTOS = YES_AGGRESSIVE;
				GCC_WARN_UNUSED_FUNCTION = YES;
				GCC_WARN_UNUSED_VARIABLE = YES;
				IPHONEOS_DEPLOYMENT_TARGET = 26.5;
				LOCALIZATION_PREFERS_STRING_CATALOGS = YES;
				MTL_ENABLE_DEBUG_INFO = INCLUDE_SOURCE;
				MTL_FAST_MATH = YES;
				ONLY_ACTIVE_ARCH = YES;
				SDKROOT = iphoneos;
				SWIFT_ACTIVE_COMPILATION_CONDITIONS = "DEBUG $(inherited)";
				SWIFT_OPTIMIZATION_LEVEL = "-Onone";
			};
			name = Debug;
		};
		4367CB122FBBBFE30005A97E /* Release */ = {
			isa = XCBuildConfiguration;
			buildSettings = {
				ALWAYS_SEARCH_USER_PATHS = NO;
				ASSETCATALOG_COMPILER_GENERATE_SWIFT_ASSET_SYMBOL_EXTENSIONS = YES;
				CLANG_ANALYZER_NONNULL = YES;
				CLANG_ANALYZER_NUMBER_OBJECT_CONVERSION = YES_AGGRESSIVE;
				CLANG_CXX_LANGUAGE_STANDARD = "gnu++20";
				CLANG_ENABLE_MODULES = YES;
				CLANG_ENABLE_OBJC_ARC = YES;
				CLANG_ENABLE_OBJC_WEAK = YES;
				CLANG_WARN_BLOCK_CAPTURE_AUTORELEASING = YES;
				CLANG_WARN_BOOL_CONVERSION = YES;
				CLANG_WARN_COMMA = YES;
				CLANG_WARN_CONSTANT_CONVERSION = YES;
				CLANG_WARN_DEPRECATED_OBJC_IMPLEMENTATIONS = YES;
				CLANG_WARN_DIRECT_OBJC_ISA_USAGE = YES_ERROR;
				CLANG_WARN_DOCUMENTATION_COMMENTS = YES;
				CLANG_WARN_EMPTY_BODY = YES;
				CLANG_WARN_ENUM_CONVERSION = YES;
				CLANG_WARN_INFINITE_RECURSION = YES;
				CLANG_WARN_INT_CONVERSION = YES;
				CLANG_WARN_NON_LITERAL_NULL_CONVERSION = YES;
				CLANG_WARN_OBJC_IMPLICIT_RETAIN_SELF = YES;
				CLANG_WARN_OBJC_LITERAL_CONVERSION = YES;
				CLANG_WARN_OBJC_ROOT_CLASS = YES_ERROR;
				CLANG_WARN_QUOTED_INCLUDE_IN_FRAMEWORK_HEADER = YES;
				CLANG_WARN_RANGE_LOOP_ANALYSIS = YES;
				CLANG_WARN_STRICT_PROTOTYPES = YES;
				CLANG_WARN_SUSPICIOUS_MOVE = YES;
				CLANG_WARN_UNGUARDED_AVAILABILITY = YES_AGGRESSIVE;
				CLANG_WARN_UNREACHABLE_CODE = YES;
				CLANG_WARN__DUPLICATE_METHOD_MATCH = YES;
				COPY_PHASE_STRIP = NO;
				DEBUG_INFORMATION_FORMAT = "dwarf-with-dsym";
				DEVELOPMENT_TEAM = 5WMPJUQY8F;
				ENABLE_NS_ASSERTIONS = NO;
				ENABLE_STRICT_OBJC_MSGSEND = YES;
				ENABLE_USER_SCRIPT_SANDBOXING = YES;
				GCC_C_LANGUAGE_STANDARD = gnu17;
				GCC_NO_COMMON_BLOCKS = YES;
				GCC_WARN_64_TO_32_BIT_CONVERSION = YES;
				GCC_WARN_ABOUT_RETURN_TYPE = YES_ERROR;
				GCC_WARN_UNDECLARED_SELECTOR = YES;
				GCC_WARN_UNINITIALIZED_AUTOS = YES_AGGRESSIVE;
				GCC_WARN_UNUSED_FUNCTION = YES;
				GCC_WARN_UNUSED_VARIABLE = YES;
				IPHONEOS_DEPLOYMENT_TARGET = 26.5;
				LOCALIZATION_PREFERS_STRING_CATALOGS = YES;
				MTL_ENABLE_DEBUG_INFO = NO;
				MTL_FAST_MATH = YES;
				SDKROOT = iphoneos;
				SWIFT_COMPILATION_MODE = wholemodule;
				VALIDATE_PRODUCT = YES;
			};
			name = Release;
		};
		4367CB142FBBBFE30005A97E /* Debug */ = {
			isa = XCBuildConfiguration;
			buildSettings = {
				ASSETCATALOG_COMPILER_APPICON_NAME = AppIcon;
				ASSETCATALOG_COMPILER_GLOBAL_ACCENT_COLOR_NAME = AccentColor;
				CODE_SIGN_STYLE = Automatic;
				CURRENT_PROJECT_VERSION = 1;
				DEVELOPMENT_TEAM = 5WMPJUQY8F;
				ENABLE_PREVIEWS = YES;
				GENERATE_INFOPLIST_FILE = YES;
				INFOPLIST_KEY_UIApplicationSceneManifest_Generation = YES;
				INFOPLIST_KEY_UIApplicationSupportsIndirectInputEvents = YES;
				INFOPLIST_KEY_UILaunchScreen_Generation = YES;
				INFOPLIST_KEY_UISupportedInterfaceOrientations_iPad = "UIInterfaceOrientationPortrait UIInterfaceOrientationPortraitUpsideDown UIInterfaceOrientationLandscapeLeft UIInterfaceOrientationLandscapeRight";
				INFOPLIST_KEY_UISupportedInterfaceOrientations_iPhone = "UIInterfaceOrientationPortrait UIInterfaceOrientationLandscapeLeft UIInterfaceOrientationLandscapeRight";
				LD_RUNPATH_SEARCH_PATHS = (
					"$(inherited)",
					"@executable_path/Frameworks",
				);
				MARKETING_VERSION = 1.0;
				PRODUCT_BUNDLE_IDENTIFIER = "com.truebluedev.Make-A-Million";
				PRODUCT_NAME = "$(TARGET_NAME)";
				STRING_CATALOG_GENERATE_SYMBOLS = YES;
				SWIFT_APPROACHABLE_CONCURRENCY = YES;
				SWIFT_DEFAULT_ACTOR_ISOLATION = MainActor;
				SWIFT_EMIT_LOC_STRINGS = YES;
				SWIFT_UPCOMING_FEATURE_MEMBER_IMPORT_VISIBILITY = YES;
				SWIFT_VERSION = 5.0;
				TARGETED_DEVICE_FAMILY = "1,2";
			};
			name = Debug;
		};
		4367CB152FBBBFE30005A97E /* Release */ = {
			isa = XCBuildConfiguration;
			buildSettings = {
				ASSETCATALOG_COMPILER_APPICON_NAME = AppIcon;
				ASSETCATALOG_COMPILER_GLOBAL_ACCENT_COLOR_NAME = AccentColor;
				CODE_SIGN_STYLE = Automatic;
				CURRENT_PROJECT_VERSION = 1;
				DEVELOPMENT_TEAM = 5WMPJUQY8F;
				ENABLE_PREVIEWS = YES;
				GENERATE_INFOPLIST_FILE = YES;
				INFOPLIST_KEY_UIApplicationSceneManifest_Generation = YES;
				INFOPLIST_KEY_UIApplicationSupportsIndirectInputEvents = YES;
				INFOPLIST_KEY_UILaunchScreen_Generation = YES;
				INFOPLIST_KEY_UISupportedInterfaceOrientations_iPad = "UIInterfaceOrientationPortrait UIInterfaceOrientationPortraitUpsideDown UIInterfaceOrientationLandscapeLeft UIInterfaceOrientationLandscapeRight";
				INFOPLIST_KEY_UISupportedInterfaceOrientations_iPhone = "UIInterfaceOrientationPortrait UIInterfaceOrientationLandscapeLeft UIInterfaceOrientationLandscapeRight";
				LD_RUNPATH_SEARCH_PATHS = (
					"$(inherited)",
					"@executable_path/Frameworks",
				);
				MARKETING_VERSION = 1.0;
				PRODUCT_BUNDLE_IDENTIFIER = "com.truebluedev.Make-A-Million";
				PRODUCT_NAME = "$(TARGET_NAME)";
				STRING_CATALOG_GENERATE_SYMBOLS = YES;
				SWIFT_APPROACHABLE_CONCURRENCY = YES;
				SWIFT_DEFAULT_ACTOR_ISOLATION = MainActor;
				SWIFT_EMIT_LOC_STRINGS = YES;
				SWIFT_UPCOMING_FEATURE_MEMBER_IMPORT_VISIBILITY = YES;
				SWIFT_VERSION = 5.0;
				TARGETED_DEVICE_FAMILY = "1,2";
			};
			name = Release;
		};
		4367CB172FBBBFE30005A97E /* Debug */ = {
			isa = XCBuildConfiguration;
			buildSettings = {
				BUNDLE_LOADER = "$(TEST_HOST)";
				CLANG_ENABLE_MODULES = YES;
				CODE_SIGN_STYLE = Automatic;
				CURRENT_PROJECT_VERSION = 1;
				DEVELOPMENT_TEAM = 5WMPJUQY8F;
				GENERATE_INFOPLIST_FILE = YES;
				IPHONEOS_DEPLOYMENT_TARGET = 26.5;
				MARKETING_VERSION = 1.0;
				PRODUCT_BUNDLE_IDENTIFIER = "com.truebluedev.Make-A-MillionTests";
				PRODUCT_NAME = "$(TARGET_NAME)";
				STRING_CATALOG_GENERATE_SYMBOLS = NO;
				SWIFT_APPROACHABLE_CONCURRENCY = YES;
				SWIFT_EMIT_LOC_STRINGS = NO;
				SWIFT_OPTIMIZATION_LEVEL = "-Onone";
				SWIFT_UPCOMING_FEATURE_MEMBER_IMPORT_VISIBILITY = YES;
				SWIFT_VERSION = 5.0;
				TARGETED_DEVICE_FAMILY = "1,2";
				TEST_HOST = "$(BUILT_PRODUCTS_DIR)/Make-A-Million.app/$(BUNDLE_EXECUTABLE_FOLDER_PATH)/Make-A-Million";
			};
			name = Debug;
		};
		4367CB182FBBBFE30005A97E /* Release */ = {
			isa = XCBuildConfiguration;
			buildSettings = {
				BUNDLE_LOADER = "$(TEST_HOST)";
				CLANG_ENABLE_MODULES = YES;
				CODE_SIGN_STYLE = Automatic;
				CURRENT_PROJECT_VERSION = 1;
				DEVELOPMENT_TEAM = 5WMPJUQY8F;
				GENERATE_INFOPLIST_FILE = YES;
				IPHONEOS_DEPLOYMENT_TARGET = 26.5;
				MARKETING_VERSION = 1.0;
				PRODUCT_BUNDLE_IDENTIFIER = "com.truebluedev.Make-A-MillionTests";
				PRODUCT_NAME = "$(TARGET_NAME)";
				STRING_CATALOG_GENERATE_SYMBOLS = NO;
				SWIFT_APPROACHABLE_CONCURRENCY = YES;
				SWIFT_EMIT_LOC_STRINGS = NO;
				SWIFT_UPCOMING_FEATURE_MEMBER_IMPORT_VISIBILITY = YES;
				SWIFT_VERSION = 5.0;
				TARGETED_DEVICE_FAMILY = "1,2";
				TEST_HOST = "$(BUILT_PRODUCTS_DIR)/Make-A-Million.app/$(BUNDLE_EXECUTABLE_FOLDER_PATH)/Make-A-Million";
			};
			name = Release;
		};
		4367CB1A2FBBBFE30005A97E /* Debug */ = {
			isa = XCBuildConfiguration;
			buildSettings = {
				CODE_SIGN_STYLE = Automatic;
				CURRENT_PROJECT_VERSION = 1;
				DEVELOPMENT_TEAM = 5WMPJUQY8F;
				GENERATE_INFOPLIST_FILE = YES;
				MARKETING_VERSION = 1.0;
				PRODUCT_BUNDLE_IDENTIFIER = "com.truebluedev.Make-A-MillionUITests";
				PRODUCT_NAME = "$(TARGET_NAME)";
				STRING_CATALOG_GENERATE_SYMBOLS = NO;
				SWIFT_APPROACHABLE_CONCURRENCY = YES;
				SWIFT_EMIT_LOC_STRINGS = NO;
				SWIFT_UPCOMING_FEATURE_MEMBER_IMPORT_VISIBILITY = YES;
				SWIFT_VERSION = 5.0;
				TARGETED_DEVICE_FAMILY = "1,2";
				TEST_TARGET_NAME = "Make-A-Million";
			};
			name = Debug;
		};
		4367CB1B2FBBBFE30005A97E /* Release */ = {
			isa = XCBuildConfiguration;
			buildSettings = {
				CODE_SIGN_STYLE = Automatic;
				CURRENT_PROJECT_VERSION = 1;
				DEVELOPMENT_TEAM = 5WMPJUQY8F;
				GENERATE_INFOPLIST_FILE = YES;
				MARKETING_VERSION = 1.0;
				PRODUCT_BUNDLE_IDENTIFIER = "com.truebluedev.Make-A-MillionUITests";
				PRODUCT_NAME = "$(TARGET_NAME)";
				STRING_CATALOG_GENERATE_SYMBOLS = NO;
				SWIFT_APPROACHABLE_CONCURRENCY = YES;
				SWIFT_EMIT_LOC_STRINGS = NO;
				SWIFT_UPCOMING_FEATURE_MEMBER_IMPORT_VISIBILITY = YES;
				SWIFT_VERSION = 5.0;
				TARGETED_DEVICE_FAMILY = "1,2";
				TEST_TARGET_NAME = "Make-A-Million";
			};
			name = Release;
		};
/* End XCBuildConfiguration section */

/* Begin XCConfigurationList section */
		4367CAED2FBBBFE10005A97E /* Build configuration list for PBXProject "Make-A-Million" */ = {
			isa = XCConfigurationList;
			buildConfigurations = (
				4367CB112FBBBFE30005A97E /* Debug */,
				4367CB122FBBBFE30005A97E /* Release */,
			);
			defaultConfigurationIsVisible = 0;
			defaultConfigurationName = Release;
		};
		4367CB132FBBBFE30005A97E /* Build configuration list for PBXNativeTarget "Make-A-Million" */ = {
			isa = XCConfigurationList;
			buildConfigurations = (
				4367CB142FBBBFE30005A97E /* Debug */,
				4367CB152FBBBFE30005A97E /* Release */,
			);
			defaultConfigurationIsVisible = 0;
			defaultConfigurationName = Release;
		};
		4367CB162FBBBFE30005A97E /* Build configuration list for PBXNativeTarget "Make-A-MillionTests" */ = {
			isa = XCConfigurationList;
			buildConfigurations = (
				4367CB172FBBBFE30005A97E /* Debug */,
				4367CB182FBBBFE30005A97E /* Release */,
			);
			defaultConfigurationIsVisible = 0;
			defaultConfigurationName = Release;
		};
		4367CB192FBBBFE30005A97E /* Build configuration list for PBXNativeTarget "Make-A-MillionUITests" */ = {
			isa = XCConfigurationList;
			buildConfigurations = (
				4367CB1A2FBBBFE30005A97E /* Debug */,
				4367CB1B2FBBBFE30005A97E /* Release */,
			);
			defaultConfigurationIsVisible = 0;
			defaultConfigurationName = Release;
		};
/* End XCConfigurationList section */
	};
	rootObject = 4367CAEA2FBBBFE10005A97E /* Project object */;
}
